
Microsoft Visual Studio Solution File, Format Version 12.00
# Visual Studio 15
VisualStudioVersion = 15.0.27703.2000
MinimumVisualStudioVersion = 10.0.40219.1
Project("{FAE04EC0-301F-11D3-BF4B-00C04F79EFBC}") = "ASYNCAWAIT", "ASYNCAWAIT\ASYNCAWAIT.csproj", "{FEE2512B-B75F-4F64-BAAD-44369475BCB3}"
EndProject
Project("{FAE04EC0-301F-11D3-BF4B-00C04F79EFBC}") = "ThreadExample", "ThreadExample\ThreadExample.csproj", "{AA0C28B2-5B32-4830-B317-C0F23705D287}"
EndProject
Global
	GlobalSection(SolutionConfigurationPlatforms) = preSolution
		Debug|Any CPU = Debug|Any CPU
		Release|Any CPU = Release|Any CPU
	EndGlobalSection
	GlobalSection(ProjectConfigurationPlatforms) = postSolution
		{FEE2512B-B75F-4F64-BAAD-44369475BCB3}.Debug|Any CPU.ActiveCfg = Debug|Any CPU
		{FEE2512B-B75F-4F64-BAAD-44369475BCB3}.Debug|Any CPU.Build.0 = Debug|Any CPU
		{FEE2512B-B75F-4F64-BAAD-44369475BCB3}.Release|Any CPU.ActiveCfg = Release|Any CPU
		{FEE2512B-B75F-4F64-BAAD-44369475BCB3}.Release|Any CPU.Build.0 = Release|Any CPU
		{AA0C28B2-5B32-4830-B317-C0F23705D287}.Debug|Any CPU.ActiveCfg = Debug|Any CPU
		{AA0C28B2-5B32-4830-B317-C0F23705D287}.Debug|Any CPU.Build.0 = Debug|Any CPU
		{AA0C28B2-5B32-4830-B317-C0F23705D287}.Release|Any CPU.ActiveCfg = Release|Any CPU
		{AA0C28B2-5B32-4830-B317-C0F23705D287}.Release|Any CPU.Build.0 = Release|Any CPU
	EndGlobalSection
	GlobalSection(SolutionProperties) = preSolution
		HideSolutionNode = FALSE
	EndGlobalSection
	GlobalSection(ExtensibilityGlobals) = postSolution
		SolutionGuid = {8259ADC3-932F-4E06-B14E-CB4B70E4AAA0}
	EndGlobalSection
EndGlobal
