
Microsoft Visual Studio Solution File, Format Version 12.00
# Visual Studio 15
VisualStudioVersion = 15.0.26430.16
MinimumVisualStudioVersion = 10.0.40219.1
Project("{FAE04EC0-301F-11D3-BF4B-00C04F79EFBC}") = "PartialClases", "PartialClases\PartialClases.csproj", "{C5019745-A68E-4838-8868-BD1F17E6DDFF}"
EndProject
Project("{FAE04EC0-301F-11D3-BF4B-00C04F79EFBC}") = "ConstAndReadonly", "ConstAndReadonly\ConstAndReadonly.csproj", "{2D6B823B-7296-481C-BAD1-61A006FC74E6}"
EndProject
Project("{FAE04EC0-301F-11D3-BF4B-00C04F79EFBC}") = "InheritancePolymorphism", "InheritancePolymorphism\InheritancePolymorphism.csproj", "{A7ADC9F8-2EA9-4ACF-9C43-451561682854}"
EndProject
Project("{FAE04EC0-301F-11D3-BF4B-00C04F79EFBC}") = "PolymorphicSupport", "PolymorphicSupport\PolymorphicSupport.csproj", "{D8939456-D0AE-4BC7-B4BE-39791ECB8109}"
EndProject
Global
	GlobalSection(SolutionConfigurationPlatforms) = preSolution
		Debug|Any CPU = Debug|Any CPU
		Release|Any CPU = Release|Any CPU
	EndGlobalSection
	GlobalSection(ProjectConfigurationPlatforms) = postSolution
		{C5019745-A68E-4838-8868-BD1F17E6DDFF}.Debug|Any CPU.ActiveCfg = Debug|Any CPU
		{C5019745-A68E-4838-8868-BD1F17E6DDFF}.Debug|Any CPU.Build.0 = Debug|Any CPU
		{C5019745-A68E-4838-8868-BD1F17E6DDFF}.Release|Any CPU.ActiveCfg = Release|Any CPU
		{C5019745-A68E-4838-8868-BD1F17E6DDFF}.Release|Any CPU.Build.0 = Release|Any CPU
		{2D6B823B-7296-481C-BAD1-61A006FC74E6}.Debug|Any CPU.ActiveCfg = Debug|Any CPU
		{2D6B823B-7296-481C-BAD1-61A006FC74E6}.Debug|Any CPU.Build.0 = Debug|Any CPU
		{2D6B823B-7296-481C-BAD1-61A006FC74E6}.Release|Any CPU.ActiveCfg = Release|Any CPU
		{2D6B823B-7296-481C-BAD1-61A006FC74E6}.Release|Any CPU.Build.0 = Release|Any CPU
		{A7ADC9F8-2EA9-4ACF-9C43-451561682854}.Debug|Any CPU.ActiveCfg = Debug|Any CPU
		{A7ADC9F8-2EA9-4ACF-9C43-451561682854}.Debug|Any CPU.Build.0 = Debug|Any CPU
		{A7ADC9F8-2EA9-4ACF-9C43-451561682854}.Release|Any CPU.ActiveCfg = Release|Any CPU
		{A7ADC9F8-2EA9-4ACF-9C43-451561682854}.Release|Any CPU.Build.0 = Release|Any CPU
		{D8939456-D0AE-4BC7-B4BE-39791ECB8109}.Debug|Any CPU.ActiveCfg = Debug|Any CPU
		{D8939456-D0AE-4BC7-B4BE-39791ECB8109}.Debug|Any CPU.Build.0 = Debug|Any CPU
		{D8939456-D0AE-4BC7-B4BE-39791ECB8109}.Release|Any CPU.ActiveCfg = Release|Any CPU
		{D8939456-D0AE-4BC7-B4BE-39791ECB8109}.Release|Any CPU.Build.0 = Release|Any CPU
	EndGlobalSection
	GlobalSection(SolutionProperties) = preSolution
		HideSolutionNode = FALSE
	EndGlobalSection
EndGlobal
