
Microsoft Visual Studio Solution File, Format Version 12.00
# Visual Studio 15
VisualStudioVersion = 15.0.26430.16
MinimumVisualStudioVersion = 10.0.40219.1
Project("{FAE04EC0-301F-11D3-BF4B-00C04F79EFBC}") = "MainMethod", "MainMethod\MainMethod.csproj", "{9EACECAE-426E-492F-88A4-B6C5100D5102}"
EndProject
Project("{FAE04EC0-301F-11D3-BF4B-00C04F79EFBC}") = "ShowEnvironmentDetails", "ShowEnvironmentDetails\ShowEnvironmentDetails.csproj", "{82BA0761-C0A0-4783-990C-92DC28FC7933}"
EndProject
Project("{FAE04EC0-301F-11D3-BF4B-00C04F79EFBC}") = "GetUserData", "GetUserData\GetUserData.csproj", "{BCAF0215-4958-410B-9EB7-2D68527A6596}"
EndProject
Project("{FAE04EC0-301F-11D3-BF4B-00C04F79EFBC}") = "ParsingValuesfromStringData", "ParsingValuesfromStringData\ParsingValuesfromStringData.csproj", "{819011F6-ABFC-4647-B77E-75B7D8069522}"
EndProject
Global
	GlobalSection(SolutionConfigurationPlatforms) = preSolution
		Debug|Any CPU = Debug|Any CPU
		Release|Any CPU = Release|Any CPU
	EndGlobalSection
	GlobalSection(ProjectConfigurationPlatforms) = postSolution
		{9EACECAE-426E-492F-88A4-B6C5100D5102}.Debug|Any CPU.ActiveCfg = Debug|Any CPU
		{9EACECAE-426E-492F-88A4-B6C5100D5102}.Debug|Any CPU.Build.0 = Debug|Any CPU
		{9EACECAE-426E-492F-88A4-B6C5100D5102}.Release|Any CPU.ActiveCfg = Release|Any CPU
		{9EACECAE-426E-492F-88A4-B6C5100D5102}.Release|Any CPU.Build.0 = Release|Any CPU
		{82BA0761-C0A0-4783-990C-92DC28FC7933}.Debug|Any CPU.ActiveCfg = Debug|Any CPU
		{82BA0761-C0A0-4783-990C-92DC28FC7933}.Debug|Any CPU.Build.0 = Debug|Any CPU
		{82BA0761-C0A0-4783-990C-92DC28FC7933}.Release|Any CPU.ActiveCfg = Release|Any CPU
		{82BA0761-C0A0-4783-990C-92DC28FC7933}.Release|Any CPU.Build.0 = Release|Any CPU
		{BCAF0215-4958-410B-9EB7-2D68527A6596}.Debug|Any CPU.ActiveCfg = Debug|Any CPU
		{BCAF0215-4958-410B-9EB7-2D68527A6596}.Debug|Any CPU.Build.0 = Debug|Any CPU
		{BCAF0215-4958-410B-9EB7-2D68527A6596}.Release|Any CPU.ActiveCfg = Release|Any CPU
		{BCAF0215-4958-410B-9EB7-2D68527A6596}.Release|Any CPU.Build.0 = Release|Any CPU
		{819011F6-ABFC-4647-B77E-75B7D8069522}.Debug|Any CPU.ActiveCfg = Debug|Any CPU
		{819011F6-ABFC-4647-B77E-75B7D8069522}.Debug|Any CPU.Build.0 = Debug|Any CPU
		{819011F6-ABFC-4647-B77E-75B7D8069522}.Release|Any CPU.ActiveCfg = Release|Any CPU
		{819011F6-ABFC-4647-B77E-75B7D8069522}.Release|Any CPU.Build.0 = Release|Any CPU
	EndGlobalSection
	GlobalSection(SolutionProperties) = preSolution
		HideSolutionNode = FALSE
	EndGlobalSection
EndGlobal
