
Microsoft Visual Studio Solution File, Format Version 12.00
# Visual Studio 15
VisualStudioVersion = 15.0.26430.16
MinimumVisualStudioVersion = 10.0.40219.1
Project("{FAE04EC0-301F-11D3-BF4B-00C04F79EFBC}") = "IEnumerableIEnumerator", "IEnumerableIEnumerator\IEnumerableIEnumerator.csproj", "{AD75E32D-C9F9-4B8B-81AE-5B9E0C798B8F}"
EndProject
Project("{FAE04EC0-301F-11D3-BF4B-00C04F79EFBC}") = "Yield", "Yield\Yield.csproj", "{9F9D8FA0-2A2C-444E-8847-19060F648E9C}"
EndProject
Project("{FAE04EC0-301F-11D3-BF4B-00C04F79EFBC}") = "IComparableProject", "IComparable\IComparableProject.csproj", "{74714997-A056-4797-B4D7-40771CE189F8}"
EndProject
Global
	GlobalSection(SolutionConfigurationPlatforms) = preSolution
		Debug|Any CPU = Debug|Any CPU
		Release|Any CPU = Release|Any CPU
	EndGlobalSection
	GlobalSection(ProjectConfigurationPlatforms) = postSolution
		{AD75E32D-C9F9-4B8B-81AE-5B9E0C798B8F}.Debug|Any CPU.ActiveCfg = Debug|Any CPU
		{AD75E32D-C9F9-4B8B-81AE-5B9E0C798B8F}.Debug|Any CPU.Build.0 = Debug|Any CPU
		{AD75E32D-C9F9-4B8B-81AE-5B9E0C798B8F}.Release|Any CPU.ActiveCfg = Release|Any CPU
		{AD75E32D-C9F9-4B8B-81AE-5B9E0C798B8F}.Release|Any CPU.Build.0 = Release|Any CPU
		{9F9D8FA0-2A2C-444E-8847-19060F648E9C}.Debug|Any CPU.ActiveCfg = Debug|Any CPU
		{9F9D8FA0-2A2C-444E-8847-19060F648E9C}.Debug|Any CPU.Build.0 = Debug|Any CPU
		{9F9D8FA0-2A2C-444E-8847-19060F648E9C}.Release|Any CPU.ActiveCfg = Release|Any CPU
		{9F9D8FA0-2A2C-444E-8847-19060F648E9C}.Release|Any CPU.Build.0 = Release|Any CPU
		{74714997-A056-4797-B4D7-40771CE189F8}.Debug|Any CPU.ActiveCfg = Debug|Any CPU
		{74714997-A056-4797-B4D7-40771CE189F8}.Debug|Any CPU.Build.0 = Debug|Any CPU
		{74714997-A056-4797-B4D7-40771CE189F8}.Release|Any CPU.ActiveCfg = Release|Any CPU
		{74714997-A056-4797-B4D7-40771CE189F8}.Release|Any CPU.Build.0 = Release|Any CPU
	EndGlobalSection
	GlobalSection(SolutionProperties) = preSolution
		HideSolutionNode = FALSE
	EndGlobalSection
EndGlobal
